
Microsoft Visual Studio Solution File, Format Version 12.00
# Visual Studio Version 17
VisualStudioVersion = 17.9.34616.47
MinimumVisualStudioVersion = 10.0.40219.1
Project("{FAE04EC0-301F-11D3-BF4B-00C04F79EFBC}") = "Platform_Gimmik_Pazzo", "Platform_Gimmik_Pazzo\Platform_Gimmik_Pazzo.csproj", "{6C3A10E0-BE49-4043-9CDA-094296ADAB44}"
EndProject
Global
	GlobalSection(SolutionConfigurationPlatforms) = preSolution
		Debug|Any CPU = Debug|Any CPU
		Release|Any CPU = Release|Any CPU
	EndGlobalSection
	GlobalSection(ProjectConfigurationPlatforms) = postSolution
		{6C3A10E0-BE49-4043-9CDA-094296ADAB44}.Debug|Any CPU.ActiveCfg = Debug|Any CPU
		{6C3A10E0-BE49-4043-9CDA-094296ADAB44}.Debug|Any CPU.Build.0 = Debug|Any CPU
		{6C3A10E0-BE49-4043-9CDA-094296ADAB44}.Release|Any CPU.ActiveCfg = Release|Any CPU
		{6C3A10E0-BE49-4043-9CDA-094296ADAB44}.Release|Any CPU.Build.0 = Release|Any CPU
	EndGlobalSection
	GlobalSection(SolutionProperties) = preSolution
		HideSolutionNode = FALSE
	EndGlobalSection
	GlobalSection(ExtensibilityGlobals) = postSolution
		SolutionGuid = {3E0C0AC1-C829-421C-ADE7-38D0286FF4B7}
	EndGlobalSection
EndGlobal
